
Microsoft Visual Studio Solution File, Format Version 12.00
# Visual Studio Version 17
VisualStudioVersion = 17.12.35527.113
MinimumVisualStudioVersion = 10.0.40219.1
Project("{FAE04EC0-301F-11D3-BF4B-00C04F79EFBC}") = "AssembliesAndNamespaces", "AssembliesAndNamespaces\AssembliesAndNamespaces.csproj", "{760BE19C-6215-44CB-A308-33BE6354D2B2}"
EndProject
Project("{FAE04EC0-301F-11D3-BF4B-00C04F79EFBC}") = "SharedLibrary", "SharedLibrary\SharedLibrary.csproj", "{B21DF40C-35DA-4361-AF23-439E2C9BCA76}"
EndProject
Project("{FAE04EC0-301F-11D3-BF4B-00C04F79EFBC}") = "DotNetEverywhere", "DotNetEverywhere\DotNetEverywhere.csproj", "{5755EC17-127A-4BC7-A6F6-CE29B63505A6}"
EndProject
Project("{FAE04EC0-301F-11D3-BF4B-00C04F79EFBC}") = "AotConsole", "AotConsole\AotConsole.csproj", "{8BF3C552-136F-4883-BC73-8AE6813D19C7}"
EndProject
Global
	GlobalSection(SolutionConfigurationPlatforms) = preSolution
		Debug|Any CPU = Debug|Any CPU
		Release|Any CPU = Release|Any CPU
	EndGlobalSection
	GlobalSection(ProjectConfigurationPlatforms) = postSolution
		{760BE19C-6215-44CB-A308-33BE6354D2B2}.Debug|Any CPU.ActiveCfg = Debug|Any CPU
		{760BE19C-6215-44CB-A308-33BE6354D2B2}.Debug|Any CPU.Build.0 = Debug|Any CPU
		{760BE19C-6215-44CB-A308-33BE6354D2B2}.Release|Any CPU.ActiveCfg = Release|Any CPU
		{760BE19C-6215-44CB-A308-33BE6354D2B2}.Release|Any CPU.Build.0 = Release|Any CPU
		{B21DF40C-35DA-4361-AF23-439E2C9BCA76}.Debug|Any CPU.ActiveCfg = Debug|Any CPU
		{B21DF40C-35DA-4361-AF23-439E2C9BCA76}.Debug|Any CPU.Build.0 = Debug|Any CPU
		{B21DF40C-35DA-4361-AF23-439E2C9BCA76}.Release|Any CPU.ActiveCfg = Release|Any CPU
		{B21DF40C-35DA-4361-AF23-439E2C9BCA76}.Release|Any CPU.Build.0 = Release|Any CPU
		{5755EC17-127A-4BC7-A6F6-CE29B63505A6}.Debug|Any CPU.ActiveCfg = Debug|Any CPU
		{5755EC17-127A-4BC7-A6F6-CE29B63505A6}.Debug|Any CPU.Build.0 = Debug|Any CPU
		{5755EC17-127A-4BC7-A6F6-CE29B63505A6}.Release|Any CPU.ActiveCfg = Release|Any CPU
		{5755EC17-127A-4BC7-A6F6-CE29B63505A6}.Release|Any CPU.Build.0 = Release|Any CPU
		{8BF3C552-136F-4883-BC73-8AE6813D19C7}.Debug|Any CPU.ActiveCfg = Debug|Any CPU
		{8BF3C552-136F-4883-BC73-8AE6813D19C7}.Debug|Any CPU.Build.0 = Debug|Any CPU
		{8BF3C552-136F-4883-BC73-8AE6813D19C7}.Release|Any CPU.ActiveCfg = Release|Any CPU
		{8BF3C552-136F-4883-BC73-8AE6813D19C7}.Release|Any CPU.Build.0 = Release|Any CPU
	EndGlobalSection
	GlobalSection(SolutionProperties) = preSolution
		HideSolutionNode = FALSE
	EndGlobalSection
EndGlobal
